
Microsoft Visual Studio Solution File, Format Version 12.00
# Visual Studio Version 17
VisualStudioVersion = 17.8.34330.188
MinimumVisualStudioVersion = 10.0.40219.1
Project("{FAE04EC0-301F-11D3-BF4B-00C04F79EFBC}") = "MainServer", "MainServer\MainServer.csproj", "{87FAE4BE-D022-446E-BAC9-19DF4D2ECD0E}"
EndProject
Project("{FAE04EC0-301F-11D3-BF4B-00C04F79EFBC}") = "ServerCore", "ServerCore\ServerCore.csproj", "{F78D9C2A-DAB3-49A7-8439-D767B60BF4DB}"
EndProject
Project("{FAE04EC0-301F-11D3-BF4B-00C04F79EFBC}") = "Client", "Client\Client.csproj", "{1442ADC7-7A25-4DB7-BE72-FB96BBEDC299}"
EndProject
Global
	GlobalSection(SolutionConfigurationPlatforms) = preSolution
		Debug|Any CPU = Debug|Any CPU
		Release|Any CPU = Release|Any CPU
	EndGlobalSection
	GlobalSection(ProjectConfigurationPlatforms) = postSolution
		{87FAE4BE-D022-446E-BAC9-19DF4D2ECD0E}.Debug|Any CPU.ActiveCfg = Debug|Any CPU
		{87FAE4BE-D022-446E-BAC9-19DF4D2ECD0E}.Debug|Any CPU.Build.0 = Debug|Any CPU
		{87FAE4BE-D022-446E-BAC9-19DF4D2ECD0E}.Release|Any CPU.ActiveCfg = Release|Any CPU
		{87FAE4BE-D022-446E-BAC9-19DF4D2ECD0E}.Release|Any CPU.Build.0 = Release|Any CPU
		{F78D9C2A-DAB3-49A7-8439-D767B60BF4DB}.Debug|Any CPU.ActiveCfg = Debug|Any CPU
		{F78D9C2A-DAB3-49A7-8439-D767B60BF4DB}.Debug|Any CPU.Build.0 = Debug|Any CPU
		{F78D9C2A-DAB3-49A7-8439-D767B60BF4DB}.Release|Any CPU.ActiveCfg = Release|Any CPU
		{F78D9C2A-DAB3-49A7-8439-D767B60BF4DB}.Release|Any CPU.Build.0 = Release|Any CPU
		{1442ADC7-7A25-4DB7-BE72-FB96BBEDC299}.Debug|Any CPU.ActiveCfg = Debug|Any CPU
		{1442ADC7-7A25-4DB7-BE72-FB96BBEDC299}.Debug|Any CPU.Build.0 = Debug|Any CPU
		{1442ADC7-7A25-4DB7-BE72-FB96BBEDC299}.Release|Any CPU.ActiveCfg = Release|Any CPU
		{1442ADC7-7A25-4DB7-BE72-FB96BBEDC299}.Release|Any CPU.Build.0 = Release|Any CPU
	EndGlobalSection
	GlobalSection(SolutionProperties) = preSolution
		HideSolutionNode = FALSE
	EndGlobalSection
	GlobalSection(ExtensibilityGlobals) = postSolution
		SolutionGuid = {DCF327C2-D598-4ECE-8CC7-367A7B4C4C55}
	EndGlobalSection
EndGlobal
